
Microsoft Visual Studio Solution File, Format Version 12.00
# Visual Studio Version 16
VisualStudioVersion = 16.0.29215.179
MinimumVisualStudioVersion = 10.0.40219.1
Project("{8BC9CEB8-8B4A-11D0-8D11-00A0C91BC942}") = "WingSimulator", "WingSimulator\WingSimulator.vcxproj", "{9AC8DC15-86F5-4893-8A46-11C0EBC0B467}"
EndProject
Project("{8BC9CEB8-8B4A-11D0-8D11-00A0C91BC942}") = "freeglut", "third-party\freeglut\freeglut-3.0.0\freeglut.vcxproj", "{A9E4DAC8-284F-4DF3-844C-07C9AAF2A573}"
EndProject
Project("{8BC9CEB8-8B4A-11D0-8D11-00A0C91BC942}") = "glew", "third-party\glew\glew-2.1.0\glew.vcxproj", "{E984EC93-D2FB-417D-BC6F-A9E872840D00}"
EndProject
Project("{2150E333-8FDC-42A3-9474-1A3956D46DE8}") = "third-party", "third-party", "{5D00B248-C7C2-49C3-B8D7-547B0BBB308D}"
EndProject
Project("{2150E333-8FDC-42A3-9474-1A3956D46DE8}") = "opengl", "opengl", "{A8C2315E-79E0-4EB4-B921-61C46E2B5565}"
EndProject
Project("{2150E333-8FDC-42A3-9474-1A3956D46DE8}") = "Simulation", "Simulation", "{BDDD418B-49F5-4E49-8A42-7DC5D5076EB9}"
	ProjectSection(SolutionItems) = preProject
		Simulation\Simulation.hpp = Simulation\Simulation.hpp
	EndProjectSection
EndProject
Project("{8BC9CEB8-8B4A-11D0-8D11-00A0C91BC942}") = "SimulationCpu", "Simulation\SimulationCpu\SimulationCpu.vcxproj", "{ACD33F13-AF0C-4BE0-99EB-06CF8CDC4E2B}"
EndProject
Project("{2150E333-8FDC-42A3-9474-1A3956D46DE8}") = "Rendering", "Rendering", "{08EBEA29-54C0-4324-8CF9-DBF0BA8BB118}"
	ProjectSection(SolutionItems) = preProject
		Rendering\Rendering.hpp = Rendering\Rendering.hpp
	EndProjectSection
EndProject
Project("{8BC9CEB8-8B4A-11D0-8D11-00A0C91BC942}") = "OpenGLRenderer", "Rendering\OpenGLRenderer\OpenGLRenderer.vcxproj", "{7A47D388-367A-4E18-AA49-ED062905A4A6}"
EndProject
Global
	GlobalSection(SolutionConfigurationPlatforms) = preSolution
		Debug|x64 = Debug|x64
		Debug|x86 = Debug|x86
		Release|x64 = Release|x64
		Release|x86 = Release|x86
	EndGlobalSection
	GlobalSection(ProjectConfigurationPlatforms) = postSolution
		{9AC8DC15-86F5-4893-8A46-11C0EBC0B467}.Debug|x64.ActiveCfg = Debug|x64
		{9AC8DC15-86F5-4893-8A46-11C0EBC0B467}.Debug|x64.Build.0 = Debug|x64
		{9AC8DC15-86F5-4893-8A46-11C0EBC0B467}.Debug|x86.ActiveCfg = Debug|Win32
		{9AC8DC15-86F5-4893-8A46-11C0EBC0B467}.Debug|x86.Build.0 = Debug|Win32
		{9AC8DC15-86F5-4893-8A46-11C0EBC0B467}.Release|x64.ActiveCfg = Release|x64
		{9AC8DC15-86F5-4893-8A46-11C0EBC0B467}.Release|x64.Build.0 = Release|x64
		{9AC8DC15-86F5-4893-8A46-11C0EBC0B467}.Release|x86.ActiveCfg = Release|Win32
		{9AC8DC15-86F5-4893-8A46-11C0EBC0B467}.Release|x86.Build.0 = Release|Win32
		{A9E4DAC8-284F-4DF3-844C-07C9AAF2A573}.Debug|x64.ActiveCfg = Debug|x64
		{A9E4DAC8-284F-4DF3-844C-07C9AAF2A573}.Debug|x64.Build.0 = Debug|x64
		{A9E4DAC8-284F-4DF3-844C-07C9AAF2A573}.Debug|x86.ActiveCfg = Debug|Win32
		{A9E4DAC8-284F-4DF3-844C-07C9AAF2A573}.Debug|x86.Build.0 = Debug|Win32
		{A9E4DAC8-284F-4DF3-844C-07C9AAF2A573}.Release|x64.ActiveCfg = Release|x64
		{A9E4DAC8-284F-4DF3-844C-07C9AAF2A573}.Release|x64.Build.0 = Release|x64
		{A9E4DAC8-284F-4DF3-844C-07C9AAF2A573}.Release|x86.ActiveCfg = Release|Win32
		{A9E4DAC8-284F-4DF3-844C-07C9AAF2A573}.Release|x86.Build.0 = Release|Win32
		{E984EC93-D2FB-417D-BC6F-A9E872840D00}.Debug|x64.ActiveCfg = Debug|x64
		{E984EC93-D2FB-417D-BC6F-A9E872840D00}.Debug|x64.Build.0 = Debug|x64
		{E984EC93-D2FB-417D-BC6F-A9E872840D00}.Debug|x86.ActiveCfg = Debug|Win32
		{E984EC93-D2FB-417D-BC6F-A9E872840D00}.Debug|x86.Build.0 = Debug|Win32
		{E984EC93-D2FB-417D-BC6F-A9E872840D00}.Release|x64.ActiveCfg = Release|x64
		{E984EC93-D2FB-417D-BC6F-A9E872840D00}.Release|x64.Build.0 = Release|x64
		{E984EC93-D2FB-417D-BC6F-A9E872840D00}.Release|x86.ActiveCfg = Release|Win32
		{E984EC93-D2FB-417D-BC6F-A9E872840D00}.Release|x86.Build.0 = Release|Win32
		{ACD33F13-AF0C-4BE0-99EB-06CF8CDC4E2B}.Debug|x64.ActiveCfg = Debug|x64
		{ACD33F13-AF0C-4BE0-99EB-06CF8CDC4E2B}.Debug|x64.Build.0 = Debug|x64
		{ACD33F13-AF0C-4BE0-99EB-06CF8CDC4E2B}.Debug|x86.ActiveCfg = Debug|Win32
		{ACD33F13-AF0C-4BE0-99EB-06CF8CDC4E2B}.Debug|x86.Build.0 = Debug|Win32
		{ACD33F13-AF0C-4BE0-99EB-06CF8CDC4E2B}.Release|x64.ActiveCfg = Release|x64
		{ACD33F13-AF0C-4BE0-99EB-06CF8CDC4E2B}.Release|x64.Build.0 = Release|x64
		{ACD33F13-AF0C-4BE0-99EB-06CF8CDC4E2B}.Release|x86.ActiveCfg = Release|Win32
		{ACD33F13-AF0C-4BE0-99EB-06CF8CDC4E2B}.Release|x86.Build.0 = Release|Win32
		{7A47D388-367A-4E18-AA49-ED062905A4A6}.Debug|x64.ActiveCfg = Debug|x64
		{7A47D388-367A-4E18-AA49-ED062905A4A6}.Debug|x64.Build.0 = Debug|x64
		{7A47D388-367A-4E18-AA49-ED062905A4A6}.Debug|x86.ActiveCfg = Debug|Win32
		{7A47D388-367A-4E18-AA49-ED062905A4A6}.Debug|x86.Build.0 = Debug|Win32
		{7A47D388-367A-4E18-AA49-ED062905A4A6}.Release|x64.ActiveCfg = Release|x64
		{7A47D388-367A-4E18-AA49-ED062905A4A6}.Release|x64.Build.0 = Release|x64
		{7A47D388-367A-4E18-AA49-ED062905A4A6}.Release|x86.ActiveCfg = Release|Win32
		{7A47D388-367A-4E18-AA49-ED062905A4A6}.Release|x86.Build.0 = Release|Win32
	EndGlobalSection
	GlobalSection(SolutionProperties) = preSolution
		HideSolutionNode = FALSE
	EndGlobalSection
	GlobalSection(NestedProjects) = preSolution
		{A9E4DAC8-284F-4DF3-844C-07C9AAF2A573} = {A8C2315E-79E0-4EB4-B921-61C46E2B5565}
		{E984EC93-D2FB-417D-BC6F-A9E872840D00} = {A8C2315E-79E0-4EB4-B921-61C46E2B5565}
		{A8C2315E-79E0-4EB4-B921-61C46E2B5565} = {5D00B248-C7C2-49C3-B8D7-547B0BBB308D}
		{ACD33F13-AF0C-4BE0-99EB-06CF8CDC4E2B} = {BDDD418B-49F5-4E49-8A42-7DC5D5076EB9}
		{7A47D388-367A-4E18-AA49-ED062905A4A6} = {08EBEA29-54C0-4324-8CF9-DBF0BA8BB118}
	EndGlobalSection
	GlobalSection(ExtensibilityGlobals) = postSolution
		SolutionGuid = {26F9CB6F-41EC-4A9D-AD8E-F65BEB3438E3}
	EndGlobalSection
EndGlobal
