<?xml version="1.0" encoding="utf-8"?>
<Project ToolsVersion="4.0" xmlns="http://schemas.microsoft.com/developer/msbuild/2003">
  <ItemGroup>
    <ClInclude Include="pch.hpp" />
    <ClInclude Include="COpenGLRenderer.hpp" />
    <ClInclude Include="CShaderProgram.hpp" />
  </ItemGroup>
  <ItemGroup>
    <ClCompile Include="pch.cpp" />
    <ClCompile Include="COpenGLRenderer.cpp" />
    <ClCompile Include="CShaderProgram.cpp" />
  </ItemGroup>
  <ItemGroup>
    <Filter Include="shaders">
      <UniqueIdentifier>{0cbe8e7e-fcfa-494c-8e55-6a30fcfab0e1}</UniqueIdentifier>
    </Filter>
  </ItemGroup>
  <ItemGroup>
    <CopyFileToFolders Include="shaders\fragment.glsl" />
    <CopyFileToFolders Include="shaders\vertex.glsl" />
  </ItemGroup>
</Project>