<?xml version="1.0" encoding="utf-8"?>
<Project ToolsVersion="4.0" xmlns="http://schemas.microsoft.com/developer/msbuild/2003">
  <ItemGroup>
    <Filter Include="shaders">
      <UniqueIdentifier>{2b2acc50-730e-4f50-8646-45c06d9cbc26}</UniqueIdentifier>
    </Filter>
  </ItemGroup>
  <ItemGroup>
    <ClCompile Include="COpenGLRenderer.cpp" />
    <ClCompile Include="CShaderProgram.cpp" />
    <ClCompile Include="pch.cpp" />
  </ItemGroup>
  <ItemGroup>
    <ClInclude Include="COpenGLRenderer.hpp" />
    <ClInclude Include="CShaderProgram.hpp" />
    <ClInclude Include="pch.hpp" />
  </ItemGroup>
  <ItemGroup>
    <CopyFileToFolders Include="shaders\fragment.glsl">
      <Filter>shaders</Filter>
    </CopyFileToFolders>
    <CopyFileToFolders Include="shaders\vertex.glsl">
      <Filter>shaders</Filter>
    </CopyFileToFolders>
  </ItemGroup>
</Project>